Microsoft Visual Studio Solution File, Format Version 12.00
# Visual Studio Version 17
VisualStudioVersion = 17.0.31903.59
MinimumVisualStudioVersion = 10.0.40219.1
Project("{FAE04EC0-301F-11D3-BF4B-00C04F79EFBC}") = "WalkerMediaManager", "WalkerMediaManager\WalkerMediaManager.csproj", "{2B3FAE93-3D1B-4C6F-A5FD-31FB4B5B2369}"
EndProject
Global
    GlobalSection(SolutionConfigurationPlatforms) = preSolution
        Debug|x64 = Debug|x64
        Release|x64 = Release|x64
    EndGlobalSection
    GlobalSection(ProjectConfigurationPlatforms) = postSolution
        {2B3FAE93-3D1B-4C6F-A5FD-31FB4B5B2369}.Debug|x64.ActiveCfg = Debug|x64
        {2B3FAE93-3D1B-4C6F-A5FD-31FB4B5B2369}.Debug|x64.Build.0 = Debug|x64
        {2B3FAE93-3D1B-4C6F-A5FD-31FB4B5B2369}.Release|x64.ActiveCfg = Release|x64
        {2B3FAE93-3D1B-4C6F-A5FD-31FB4B5B2369}.Release|x64.Build.0 = Release|x64
    EndGlobalSection
EndGlobal
